// !$*UTF8*$!
{
	archiveVersion = 1;
	classes = {
	};
	objectVersion = 46;
	objects = {

/* Begin PBXBuildFile section */
		3EB5AE7E1F25C4DF00EE209C /* main.m in Sources */ = {isa = PBXBuildFile; fileRef = 3EB5AE7D1F25C4DF00EE209C /* main.m */; };
		3EB5AE811F25C4DF00EE209C /* AppDelegate.m in Sources */ = {isa = PBXBuildFile; fileRef = 3EB5AE801F25C4DF00EE209C /* AppDelegate.m */; };
		3EB5AE841F25C4DF00EE209C /* ViewController.m in Sources */ = {isa = PBXBuildFile; fileRef = 3EB5AE831F25C4DF00EE209C /* ViewController.m */; };
		3EB5AE871F25C4DF00EE209C /* Main.storyboard in Resources */ = {isa = PBXBuildFile; fileRef = 3EB5AE851F25C4DF00EE209C /* Main.storyboard */; };
		3EB5AE891F25C4DF00EE209C /* Assets.xcassets in Resources */ = {isa = PBXBuildFile; fileRef = 3EB5AE881F25C4DF00EE209C /* Assets.xcassets */; };
		3EB5AE8C1F25C4DF00EE209C /* LaunchScreen.storyboard in Resources */ = {isa = PBXBuildFile; fileRef = 3EB5AE8A1F25C4DF00EE209C /* LaunchScreen.storyboard */; };
		3EB5AE981F25C56200EE209C /* GoBangView.m in Sources */ = {isa = PBXBuildFile; fileRef = 3EB5AE971F25C56200EE209C /* GoBangView.m */; };
		3EB5AE9B1F25D23E00EE209C /* AI.m in Sources */ = {isa = PBXBuildFile; fileRef = 3EB5AE9A1F25D23D00EE209C /* AI.m */; };
		3EB5AEA11F25D2A700EE209C /* DHPoint.m in Sources */ = {isa = PBXBuildFile; fileRef = 3EB5AEA01F25D2A700EE209C /* DHPoint.m */; };
/* End PBXBuildFile section */

/* Begin PBXFileReference section */
		3EB5AE791F25C4DF00EE209C /* GoBang.app */ = {isa = PBXFileReference; explicitFileType = wrapper.application; includeInIndex = 0; path = GoBang.app; sourceTree = BUILT_PRODUCTS_DIR; };
		3EB5AE7D1F25C4DF00EE209C /* main.m */ = {isa = PBXFileReference; lastKnownFileType = sourcecode.c.objc; path = main.m; sourceTree = "<group>"; };
		3EB5AE7F1F25C4DF00EE209C /* AppDelegate.h */ = {isa = PBXFileReference; lastKnownFileType = sourcecode.c.h; path = AppDelegate.h; sourceTree = "<group>"; };
		3EB5AE801F25C4DF00EE209C /* AppDelegate.m */ = {isa = PBXFileReference; lastKnownFileType = sourcecode.c.objc; path = AppDelegate.m; sourceTree = "<group>"; };
		3EB5AE821F25C4DF00EE209C /* ViewController.h */ = {isa = PBXFileReference; lastKnownFileType = sourcecode.c.h; path = ViewController.h; sourceTree = "<group>"; };
		3EB5AE831F25C4DF00EE209C /* ViewController.m */ = {isa = PBXFileReference; lastKnownFileType = sourcecode.c.objc; path = ViewController.m; sourceTree = "<group>"; };
		3EB5AE861F25C4DF00EE209C /* Base */ = {isa = PBXFileReference; lastKnownFileType = file.storyboard; name = Base; path = Base.lproj/Main.storyboard; sourceTree = "<group>"; };
		3EB5AE881F25C4DF00EE209C /* Assets.xcassets */ = {isa = PBXFileReference; lastKnownFileType = folder.assetcatalog; path = Assets.xcassets; sourceTree = "<group>"; };
		3EB5AE8B1F25C4DF00EE209C /* Base */ = {isa = PBXFileReference; lastKnownFileType = file.storyboard; name = Base; path = Base.lproj/LaunchScreen.storyboard; sourceTree = "<group>"; };
		3EB5AE8D1F25C4DF00EE209C /* Info.plist */ = {isa = PBXFileReference; lastKnownFileType = text.plist.xml; path = Info.plist; sourceTree = "<group>"; };
		3EB5AE961F25C56200EE209C /* GoBangView.h */ = {isa = PBXFileReference; fileEncoding = 4; lastKnownFileType = sourcecode.c.h; path = GoBangView.h; sourceTree = "<group>"; };
		3EB5AE971F25C56200EE209C /* GoBangView.m */ = {isa = PBXFileReference; fileEncoding = 4; lastKnownFileType = sourcecode.c.objc; path = GoBangView.m; sourceTree = "<group>"; };
		3EB5AE991F25D23D00EE209C /* AI.h */ = {isa = PBXFileReference; fileEncoding = 4; lastKnownFileType = sourcecode.c.h; path = AI.h; sourceTree = "<group>"; };
		3EB5AE9A1F25D23D00EE209C /* AI.m */ = {isa = PBXFileReference; fileEncoding = 4; lastKnownFileType = sourcecode.c.objc; path = AI.m; sourceTree = "<group>"; };
		3EB5AE9F1F25D2A700EE209C /* DHPoint.h */ = {isa = PBXFileReference; fileEncoding = 4; lastKnownFileType = sourcecode.c.h; path = DHPoint.h; sourceTree = "<group>"; };
		3EB5AEA01F25D2A700EE209C /* DHPoint.m */ = {isa = PBXFileReference; fileEncoding = 4; lastKnownFileType = sourcecode.c.objc; path = DHPoint.m; sourceTree = "<group>"; };
/* End PBXFileReference section */

/* Begin PBXFrameworksBuildPhase section */
		3EB5AE761F25C4DF00EE209C /* Frameworks */ = {
			isa = PBXFrameworksBuildPhase;
			buildActionMask = 2147483647;
			files = (
			);
			runOnlyForDeploymentPostprocessing = 0;
		};
/* End PBXFrameworksBuildPhase section */

/* Begin PBXGroup section */
		3EB5AE701F25C4DF00EE209C = {
			isa = PBXGroup;
			children = (
				3EB5AE7B1F25C4DF00EE209C /* GoBang */,
				3EB5AE7A1F25C4DF00EE209C /* Products */,
			);
			sourceTree = "<group>";
		};
		3EB5AE7A1F25C4DF00EE209C /* Products */ = {
			isa = PBXGroup;
			children = (
				3EB5AE791F25C4DF00EE209C /* GoBang.app */,
			);
			name = Products;
			sourceTree = "<group>";
		};
		3EB5AE7B1F25C4DF00EE209C /* GoBang */ = {
			isa = PBXGroup;
			children = (
				3EB5AE7F1F25C4DF00EE209C /* AppDelegate.h */,
				3EB5AE801F25C4DF00EE209C /* AppDelegate.m */,
				3EB5AE821F25C4DF00EE209C /* ViewController.h */,
				3EB5AE831F25C4DF00EE209C /* ViewController.m */,
				3EB5AE961F25C56200EE209C /* GoBangView.h */,
				3EB5AE971F25C56200EE209C /* GoBangView.m */,
				3EB5AE991F25D23D00EE209C /* AI.h */,
				3EB5AE9A1F25D23D00EE209C /* AI.m */,
				3EB5AE9F1F25D2A700EE209C /* DHPoint.h */,
				3EB5AEA01F25D2A700EE209C /* DHPoint.m */,
				3EB5AE851F25C4DF00EE209C /* Main.storyboard */,
				3EB5AE881F25C4DF00EE209C /* Assets.xcassets */,
				3EB5AE8A1F25C4DF00EE209C /* LaunchScreen.storyboard */,
				3EB5AE8D1F25C4DF00EE209C /* Info.plist */,
				3EB5AE7C1F25C4DF00EE209C /* Supporting Files */,
			);
			path = GoBang;
			sourceTree = "<group>";
		};
		3EB5AE7C1F25C4DF00EE209C /* Supporting Files */ = {
			isa = PBXGroup;
			children = (
				3EB5AE7D1F25C4DF00EE209C /* main.m */,
			);
			name = "Supporting Files";
			sourceTree = "<group>";
		};
/* End PBXGroup section */

/* Begin PBXNativeTarget section */
		3EB5AE781F25C4DF00EE209C /* GoBang */ = {
			isa = PBXNativeTarget;
			buildConfigurationList = 3EB5AE901F25C4DF00EE209C /* Build configuration list for PBXNativeTarget "GoBang" */;
			buildPhases = (
				3EB5AE751F25C4DF00EE209C /* Sources */,
				3EB5AE761F25C4DF00EE209C /* Frameworks */,
				3EB5AE771F25C4DF00EE209C /* Resources */,
			);
			buildRules = (
			);
			dependencies = (
			);
			name = GoBang;
			productName = GoBang;
			productReference = 3EB5AE791F25C4DF00EE209C /* GoBang.app */;
			productType = "com.apple.product-type.application";
		};
/* End PBXNativeTarget section */

/* Begin PBXProject section */
		3EB5AE711F25C4DF00EE209C /* Project object */ = {
			isa = PBXProject;
			attributes = {
				LastUpgradeCheck = 0830;
				ORGANIZATIONNAME = Calvin;
				TargetAttributes = {
					3EB5AE781F25C4DF00EE209C = {
						CreatedOnToolsVersion = 8.3.3;
						DevelopmentTeam = PRKPCBLSYK;
						ProvisioningStyle = Automatic;
					};
				};
			};
			buildConfigurationList = 3EB5AE741F25C4DF00EE209C /* Build configuration list for PBXProject "GoBang" */;
			compatibilityVersion = "Xcode 3.2";
			developmentRegion = English;
			hasScannedForEncodings = 0;
			knownRegions = (
				en,
				Base,
			);
			mainGroup = 3EB5AE701F25C4DF00EE209C;
			productRefGroup = 3EB5AE7A1F25C4DF00EE209C /* Products */;
			projectDirPath = "";
			projectRoot = "";
			targets = (
				3EB5AE781F25C4DF00EE209C /* GoBang */,
			);
		};
/* End PBXProject section */

/* Begin PBXResourcesBuildPhase section */
		3EB5AE771F25C4DF00EE209C /* Resources */ = {
			isa = PBXResourcesBuildPhase;
			buildActionMask = 2147483647;
			files = (
				3EB5AE8C1F25C4DF00EE209C /* LaunchScreen.storyboard in Resources */,
				3EB5AE891F25C4DF00EE209C /* Assets.xcassets in Resources */,
				3EB5AE871F25C4DF00EE209C /* Main.storyboard in Resources */,
			);
			runOnlyForDeploymentPostprocessing = 0;
		};
/* End PBXResourcesBuildPhase section */

/* Begin PBXSourcesBuildPhase section */
		3EB5AE751F25C4DF00EE209C /* Sources */ = {
			isa = PBXSourcesBuildPhase;
			buildActionMask = 2147483647;
			files = (
				3EB5AEA11F25D2A700EE209C /* DHPoint.m in Sources */,
				3EB5AE981F25C56200EE209C /* GoBangView.m in Sources */,
				3EB5AE9B1F25D23E00EE209C /* AI.m in Sources */,
				3EB5AE841F25C4DF00EE209C /* ViewController.m in Sources */,
				3EB5AE811F25C4DF00EE209C /* AppDelegate.m in Sources */,
				3EB5AE7E1F25C4DF00EE209C /* main.m in Sources */,
			);
			runOnlyForDeploymentPostprocessing = 0;
		};
/* End PBXSourcesBuildPhase section */

/* Begin PBXVariantGroup section */
		3EB5AE851F25C4DF00EE209C /* Main.storyboard */ = {
			isa = PBXVariantGroup;
			children = (
				3EB5AE861F25C4DF00EE209C /* Base */,
			);
			name = Main.storyboard;
			sourceTree = "<group>";
		};
		3EB5AE8A1F25C4DF00EE209C /* LaunchScreen.storyboard */ = {
			isa = PBXVariantGroup;
			children = (
				3EB5AE8B1F25C4DF00EE209C /* Base */,
			);
			name = LaunchScreen.storyboard;
			sourceTree = "<group>";
		};
/* End PBXVariantGroup section */

/* Begin XCBuildConfiguration section */
		3EB5AE8E1F25C4DF00EE209C /* Debug */ = {
			isa = XCBuildConfiguration;
			buildSettings = {
				ALWAYS_SEARCH_USER_PATHS = NO;
				CLANG_ANALYZER_NONNULL = YES;
				CLANG_ANALYZER_NUMBER_OBJECT_CONVERSION = YES_AGGRESSIVE;
				CLANG_CXX_LANGUAGE_STANDARD = "gnu++0x";
				CLANG_CXX_LIBRARY = "libc++";
				CLANG_ENABLE_MODULES = YES;
				CLANG_ENABLE_OBJC_ARC = YES;
				CLANG_WARN_BOOL_CONVERSION = YES;
				CLANG_WARN_CONSTANT_CONVERSION = YES;
				CLANG_WARN_DIRECT_OBJC_ISA_USAGE = YES_ERROR;
				CLANG_WARN_DOCUMENTATION_COMMENTS = YES;
				CLANG_WARN_EMPTY_BODY = YES;
				CLANG_WARN_ENUM_CONVERSION = YES;
				CLANG_WARN_INFINITE_RECURSION = YES;
				CLANG_WARN_INT_CONVERSION = YES;
				CLANG_WARN_OBJC_ROOT_CLASS = YES_ERROR;
				CLANG_WARN_SUSPICIOUS_MOVE = YES;
				CLANG_WARN_UNREACHABLE_CODE = YES;
				CLANG_WARN__DUPLICATE_METHOD_MATCH = YES;
				"CODE_SIGN_IDENTITY[sdk=iphoneos*]" = "iPhone Developer";
				COPY_PHASE_STRIP = NO;
				DEBUG_INFORMATION_FORMAT = dwarf;
				ENABLE_STRICT_OBJC_MSGSEND = YES;
				ENABLE_TESTABILITY = YES;
				GCC_C_LANGUAGE_STANDARD = gnu99;
				GCC_DYNAMIC_NO_PIC = NO;
				GCC_NO_COMMON_BLOCKS = YES;
				GCC_OPTIMIZATION_LEVEL = 0;
				GCC_PREPROCESSOR_DEFINITIONS = (
					"DEBUG=1",
					"$(inherited)",
				);
				GCC_WARN_64_TO_32_BIT_CONVERSION = YES;
				GCC_WARN_ABOUT_RETURN_TYPE = YES_ERROR;
				GCC_WARN_UNDECLARED_SELECTOR = YES;
				GCC_WARN_UNINITIALIZED_AUTOS = YES_AGGRESSIVE;
				GCC_WARN_UNUSED_FUNCTION = YES;
				GCC_WARN_UNUSED_VARIABLE = YES;
				IPHONEOS_DEPLOYMENT_TARGET = 10.3;
				MTL_ENABLE_DEBUG_INFO = YES;
				ONLY_ACTIVE_ARCH = YES;
				SDKROOT = iphoneos;
			};
			name = Debug;
		};
		3EB5AE8F1F25C4DF00EE209C /* Release */ = {
			isa = XCBuildConfiguration;
			buildSettings = {
				ALWAYS_SEARCH_USER_PATHS = NO;
				CLANG_ANALYZER_NONNULL = YES;
				CLANG_ANALYZER_NUMBER_OBJECT_CONVERSION = YES_AGGRESSIVE;
				CLANG_CXX_LANGUAGE_STANDARD = "gnu++0x";
				CLANG_CXX_LIBRARY = "libc++";
				CLANG_ENABLE_MODULES = YES;
				CLANG_ENABLE_OBJC_ARC = YES;
				CLANG_WARN_BOOL_CONVERSION = YES;
				CLANG_WARN_CONSTANT_CONVERSION = YES;
				CLANG_WARN_DIRECT_OBJC_ISA_USAGE = YES_ERROR;
				CLANG_WARN_DOCUMENTATION_COMMENTS = YES;
				CLANG_WARN_EMPTY_BODY = YES;
				CLANG_WARN_ENUM_CONVERSION = YES;
				CLANG_WARN_INFINITE_RECURSION = YES;
				CLANG_WARN_INT_CONVERSION = YES;
				CLANG_WARN_OBJC_ROOT_CLASS = YES_ERROR;
				CLANG_WARN_SUSPICIOUS_MOVE = YES;
				CLANG_WARN_UNREACHABLE_CODE = YES;
				CLANG_WARN__DUPLICATE_METHOD_MATCH = YES;
				"CODE_SIGN_IDENTITY[sdk=iphoneos*]" = "iPhone Developer";
				COPY_PHASE_STRIP = NO;
				DEBUG_INFORMATION_FORMAT = "dwarf-with-dsym";
				ENABLE_NS_ASSERTIONS = NO;
				ENABLE_STRICT_OBJC_MSGSEND = YES;
				GCC_C_LANGUAGE_STANDARD = gnu99;
				GCC_NO_COMMON_BLOCKS = YES;
				GCC_WARN_64_TO_32_BIT_CONVERSION = YES;
				GCC_WARN_ABOUT_RETURN_TYPE = YES_ERROR;
				GCC_WARN_UNDECLARED_SELECTOR = YES;
				GCC_WARN_UNINITIALIZED_AUTOS = YES_AGGRESSIVE;
				GCC_WARN_UNUSED_FUNCTION = YES;
				GCC_WARN_UNUSED_VARIABLE = YES;
				IPHONEOS_DEPLOYMENT_TARGET = 10.3;
				MTL_ENABLE_DEBUG_INFO = NO;
				SDKROOT = iphoneos;
				VALIDATE_PRODUCT = YES;
			};
			name = Release;
		};
		3EB5AE911F25C4DF00EE209C /* Debug */ = {
			isa = XCBuildConfiguration;
			buildSettings = {
				ASSETCATALOG_COMPILER_APPICON_NAME = AppIcon;
				DEVELOPMENT_TEAM = PRKPCBLSYK;
				INFOPLIST_FILE = GoBang/Info.plist;
				LD_RUNPATH_SEARCH_PATHS = "$(inherited) @executable_path/Frameworks";
				PRODUCT_BUNDLE_IDENTIFIER = com.zhangdinghao.GoBang;
				PRODUCT_NAME = "$(TARGET_NAME)";
			};
			name = Debug;
		};
		3EB5AE921F25C4DF00EE209C /* Release */ = {
			isa = XCBuildConfiguration;
			buildSettings = {
				ASSETCATALOG_COMPILER_APPICON_NAME = AppIcon;
				DEVELOPMENT_TEAM = PRKPCBLSYK;
				INFOPLIST_FILE = GoBang/Info.plist;
				LD_RUNPATH_SEARCH_PATHS = "$(inherited) @executable_path/Frameworks";
				PRODUCT_BUNDLE_IDENTIFIER = com.zhangdinghao.GoBang;
				PRODUCT_NAME = "$(TARGET_NAME)";
			};
			name = Release;
		};
/* End XCBuildConfiguration section */

/* Begin XCConfigurationList section */
		3EB5AE741F25C4DF00EE209C /* Build configuration list for PBXProject "GoBang" */ = {
			isa = XCConfigurationList;
			buildConfigurations = (
				3EB5AE8E1F25C4DF00EE209C /* Debug */,
				3EB5AE8F1F25C4DF00EE209C /* Release */,
			);
			defaultConfigurationIsVisible = 0;
			defaultConfigurationName = Release;
		};
		3EB5AE901F25C4DF00EE209C /* Build configuration list for PBXNativeTarget "GoBang" */ = {
			isa = XCConfigurationList;
			buildConfigurations = (
				3EB5AE911F25C4DF00EE209C /* Debug */,
				3EB5AE921F25C4DF00EE209C /* Release */,
			);
			defaultConfigurationIsVisible = 0;
		};
/* End XCConfigurationList section */
	};
	rootObject = 3EB5AE711F25C4DF00EE209C /* Project object */;
}
